
Microsoft Visual Studio Solution File, Format Version 12.00
# Visual Studio Version 16
VisualStudioVersion = 16.0.30907.101
MinimumVisualStudioVersion = 10.0.40219.1
Project("{FAE04EC0-301F-11D3-BF4B-00C04F79EFBC}") = "SyantaxExercise", "SyantaxExercise\SyantaxExercise.csproj", "{A65BD21D-37B7-4D34-B4F2-A1CACEF762DC}"
EndProject
Global
	GlobalSection(SolutionConfigurationPlatforms) = preSolution
		Debug|Any CPU = Debug|Any CPU
		Release|Any CPU = Release|Any CPU
	EndGlobalSection
	GlobalSection(ProjectConfigurationPlatforms) = postSolution
		{A65BD21D-37B7-4D34-B4F2-A1CACEF762DC}.Debug|Any CPU.ActiveCfg = Debug|Any CPU
		{A65BD21D-37B7-4D34-B4F2-A1CACEF762DC}.Debug|Any CPU.Build.0 = Debug|Any CPU
		{A65BD21D-37B7-4D34-B4F2-A1CACEF762DC}.Release|Any CPU.ActiveCfg = Release|Any CPU
		{A65BD21D-37B7-4D34-B4F2-A1CACEF762DC}.Release|Any CPU.Build.0 = Release|Any CPU
	EndGlobalSection
	GlobalSection(SolutionProperties) = preSolution
		HideSolutionNode = FALSE
	EndGlobalSection
	GlobalSection(ExtensibilityGlobals) = postSolution
		SolutionGuid = {79747ED5-3F22-4765-9DBF-015F0A1A6C68}
	EndGlobalSection
EndGlobal
